BRG1,Barang_Toko_1,Random1,4200,46800
BRG2,Barang_Toko_2,Random2,33500,50100
BRG3,Barang_Toko_3,Random3,17000,72500
BRG4,Barang_Toko_4,Random4,47900,35900
BRG5,Barang_Toko_5,Random5,96300,46500
BRG6,Barang_Toko_6,Random6,70600,14600
BRG7,Barang_Toko_7,Random7,28200,82800
BRG8,Barang_Toko_8,Random8,96200,49200
BRG9,Barang_Toko_9,Random9,99600,94300
BRG10,Barang_Toko_10,Random10,82800,43700
BRG11,Barang_Toko_11,Random11,39200,60500
BRG12,Barang_Toko_12,Random12,90300,15400
dava12,dava,seks,8,9
BRG13,Barang_Toko_13,Random13,29300,38300
BRG14,Barang_Toko_14,Random14,42200,71700
BRG15,Barang_Toko_15,Random15,71900,89600
BRG16,Barang_Toko_16,Random16,44800,72700
BRG17,Barang_Toko_17,Random17,77200,53900
BRG18,Barang_Toko_18,Random18,87000,91300
BRG19,Barang_Toko_19,Random19,66800,30000
BRG20,Barang_Toko_20,Random20,3600,89500
BRG21,Barang_Toko_21,Random21,70400,81200
BRG22,Barang_Toko_22,Random22,32300,33400
BRG23,Barang_Toko_23,Random23,67400,66500
BRG24,Barang_Toko_24,Random24,14200,71200
BRG25,Barang_Toko_25,Random25,25400,86900
BRG26,Barang_Toko_26,Random26,54800,64500
BRG27,Barang_Toko_27,Random27,66300,75800
BRG28,Barang_Toko_28,Random28,3800,86000
BRG29,Barang_Toko_29,Random29,72400,74200
BRG30,Barang_Toko_30,Random30,53000,77900
BRG31,Barang_Toko_31,Random31,31700,3600
BRG32,Barang_Toko_32,Random32,19100,84300
BRG33,Barang_Toko_33,Random33,28900,10700
BRG34,Barang_Toko_34,Random34,4100,94300
BRG35,Barang_Toko_35,Random35,26500,64900
BRG36,Barang_Toko_36,Random36,44700,80600
BRG37,Barang_Toko_37,Random37,89100,73000
BRG38,Barang_Toko_38,Random38,37100,35100
BRG39,Barang_Toko_39,Random39,700,10200
BRG40,Barang_Toko_40,Random40,39400,54900
BRG41,Barang_Toko_41,Random41,63000,62400
BRG42,Barang_Toko_42,Random42,8500,95500
BRG43,Barang_Toko_43,Random43,75700,84100
BRG44,Barang_Toko_44,Random44,96700,37700
BRG45,Barang_Toko_45,Random45,93200,30900
BRG46,Barang_Toko_46,Random46,94500,44000
BRG47,Barang_Toko_47,Random47,62700,32400
BRG48,Barang_Toko_48,Random48,53800,53900
BRG49,Barang_Toko_49,Random49,11900,8300
BRG50,Barang_Toko_50,Random50,93000,54200
BRG51,Barang_Toko_51,Random51,83400,11600
BRG52,Barang_Toko_52,Random52,64000,65900
BRG53,Barang_Toko_53,Random53,70500,93100
BRG54,Barang_Toko_54,Random54,97800,30700
BRG55,Barang_Toko_55,Random55,67400,38700
BRG56,Barang_Toko_56,Random56,2200,74600
BRG57,Barang_Toko_57,Random57,92500,7300
BRG58,Barang_Toko_58,Random58,27100,83000
BRG59,Barang_Toko_59,Random59,77800,57400
BRG60,Barang_Toko_60,Random60,9800,51300
BRG61,Barang_Toko_61,Random61,98700,29100
BRG62,Barang_Toko_62,Random62,16200,63700
BRG63,Barang_Toko_63,Random63,35600,76800
BRG64,Barang_Toko_64,Random64,65600,57500
BRG65,Barang_Toko_65,Random65,3200,5300
BRG66,Barang_Toko_66,Random66,35100,15100
BRG67,Barang_Toko_67,Random67,94200,72500
BRG68,Barang_Toko_68,Random68,96700,43100
BRG69,Barang_Toko_69,Random69,10800,19200
BRG70,Barang_Toko_70,Random70,800,33800
BRG71,Barang_Toko_71,Random71,45800,28800
BRG72,Barang_Toko_72,Random72,75400,38400
BRG73,Barang_Toko_73,Random73,94600,91000
BRG74,Barang_Toko_74,Random74,21000,75900
BRG75,Barang_Toko_75,Random75,22200,58900
BRG76,Barang_Toko_76,Random76,42300,94700
BRG77,Barang_Toko_77,Random77,50700,3100
BRG78,Barang_Toko_78,Random78,41400,16900
BRG79,Barang_Toko_79,Random79,90100,59200
BRG80,Barang_Toko_80,Random80,76300,65600
BRG81,Barang_Toko_81,Random81,41100,36000
BRG82,Barang_Toko_82,Random82,62500,53800
BRG83,Barang_Toko_83,Random83,54900,48400
BRG84,Barang_Toko_84,Random84,59600,4200
BRG85,Barang_Toko_85,Random85,60300,35100
BRG86,Barang_Toko_86,Random86,29200,83700
BRG87,Barang_Toko_87,Random87,37500,2100
BRG88,Barang_Toko_88,Random88,59700,2200
BRG89,Barang_Toko_89,Random89,34900,20000
BRG90,Barang_Toko_90,Random90,66900,48500
BRG91,Barang_Toko_91,Random91,28200,73500
BRG92,Barang_Toko_92,Random92,5400,100000
BRG93,Barang_Toko_93,Random93,41900,93900
BRG94,Barang_Toko_94,Random94,90100,78900
BRG95,Barang_Toko_95,Random95,12800,46800
BRG96,Barang_Toko_96,Random96,72900,89400
BRG97,Barang_Toko_97,Random97,64900,48400
BRG98,Barang_Toko_98,Random98,80800,42200
BRG99,Barang_Toko_99,Random99,31100,61800
BRG100,Barang_Toko_100,Random100,81400,51500
